dependencies:
- name: postgresql
  repository: https://charts.bitnami.com/bitnami
  version: 12.12.10
- name: redis
  repository: https://charts.bitnami.com/bitnami
  version: 17.17.1
- name: prometheus
  repository: https://prometheus-community.github.io/helm-charts
  version: 15.18.0
- name: grafana
  repository: https://grafana.github.io/helm-charts
  version: 6.61.2
digest: sha256:1d077e2165fb8453a4fcd3b10ba3a87ea11b6386e6709ccb360ee6e465e89aa1
generated: "2025-11-02T12:41:10.999649703-05:00"
